// !$*UTF8*$!
{
	archiveVersion = 1;
	classes = {
	};
	objectVersion = 55;
	objects = {

/* Begin PBXBuildFile section */
		C4AB4017274F657A005D533D /* AppDelegate.swift in Sources */ = {isa = PBXBuildFile; fileRef = C4AB4016274F657A005D533D /* AppDelegate.swift */; };
		C4AB4019274F657A005D533D /* SceneDelegate.swift in Sources */ = {isa = PBXBuildFile; fileRef = C4AB4018274F657A005D533D /* SceneDelegate.swift */; };
		C4AB401B274F657A005D533D /* ViewController.swift in Sources */ = {isa = PBXBuildFile; fileRef = C4AB401A274F657A005D533D /* ViewController.swift */; };
		C4AB401E274F657A005D533D /* Main.storyboard in Resources */ = {isa = PBXBuildFile; fileRef = C4AB401C274F657A005D533D /* Main.storyboard */; };
		C4AB4020274F657C005D533D /* Assets.xcassets in Resources */ = {isa = PBXBuildFile; fileRef = C4AB401F274F657C005D533D /* Assets.xcassets */; };
		C4AB4023274F657C005D533D /* LaunchScreen.storyboard in Resources */ = {isa = PBXBuildFile; fileRef = C4AB4021274F657C005D533D /* LaunchScreen.storyboard */; };
		C4AB402E274F657C005D533D /* CustomSegmentTests.swift in Sources */ = {isa = PBXBuildFile; fileRef = C4AB402D274F657C005D533D /* CustomSegmentTests.swift */; };
		C4AB4038274F657C005D533D /* CustomSegmentUITests.swift in Sources */ = {isa = PBXBuildFile; fileRef = C4AB4037274F657C005D533D /* CustomSegmentUITests.swift */; };
		C4AB403A274F657C005D533D /* CustomSegmentUITestsLaunchTests.swift in Sources */ = {isa = PBXBuildFile; fileRef = C4AB4039274F657C005D533D /* CustomSegmentUITestsLaunchTests.swift */; };
		C4AB4049274F7D0A005D533D /* Extension.swift in Sources */ = {isa = PBXBuildFile; fileRef = C4AB4048274F7D0A005D533D /* Extension.swift */; };
		C4AB404B274F7ED8005D533D /* BBCustomSegmentedControl.swift in Sources */ = {isa = PBXBuildFile; fileRef = C4AB404A274F7ED8005D533D /* BBCustomSegmentedControl.swift */; };
		C4AB4067274F85D3005D533D /* ImageAttachmentLabelImage.swift in Sources */ = {isa = PBXBuildFile; fileRef = C4AB404D274F85D3005D533D /* ImageAttachmentLabelImage.swift */; };
		C4AB4068274F85D3005D533D /* ASShadowExtension.swift in Sources */ = {isa = PBXBuildFile; fileRef = C4AB4050274F85D3005D533D /* ASShadowExtension.swift */; };
		C4AB4069274F85D3005D533D /* ASExtension.swift in Sources */ = {isa = PBXBuildFile; fileRef = C4AB4051274F85D3005D533D /* ASExtension.swift */; };
		C4AB406A274F85D3005D533D /* ASCGSizeExtension.swift in Sources */ = {isa = PBXBuildFile; fileRef = C4AB4053274F85D3005D533D /* ASCGSizeExtension.swift */; };
		C4AB406B274F85D3005D533D /* ASCGRectExtension.swift in Sources */ = {isa = PBXBuildFile; fileRef = C4AB4054274F85D3005D533D /* ASCGRectExtension.swift */; };
		C4AB406C274F85D3005D533D /* ASCGPointExtension.swift in Sources */ = {isa = PBXBuildFile; fileRef = C4AB4055274F85D3005D533D /* ASCGPointExtension.swift */; };
		C4AB406D274F85D3005D533D /* ASUITextFieldExtension.swift in Sources */ = {isa = PBXBuildFile; fileRef = C4AB4057274F85D3005D533D /* ASUITextFieldExtension.swift */; };
		C4AB406E274F85D3005D533D /* ASUILabelLayoutManagerDelegate.swift in Sources */ = {isa = PBXBuildFile; fileRef = C4AB4059274F85D3005D533D /* ASUILabelLayoutManagerDelegate.swift */; };
		C4AB406F274F85D3005D533D /* ASUILabelExtension.swift in Sources */ = {isa = PBXBuildFile; fileRef = C4AB405A274F85D3005D533D /* ASUILabelExtension.swift */; };
		C4AB4070274F85D3005D533D /* ASUIButtonExtension.swift in Sources */ = {isa = PBXBuildFile; fileRef = C4AB405B274F85D3005D533D /* ASUIButtonExtension.swift */; };
		C4AB4071274F85D3005D533D /* ASUITextViewExtension.swift in Sources */ = {isa = PBXBuildFile; fileRef = C4AB405C274F85D3005D533D /* ASUITextViewExtension.swift */; };
		C4AB4072274F85D3005D533D /* ASActionQueue.swift in Sources */ = {isa = PBXBuildFile; fileRef = C4AB405D274F85D3005D533D /* ASActionQueue.swift */; };
		C4AB4073274F85D3005D533D /* ASArrayExtension.swift in Sources */ = {isa = PBXBuildFile; fileRef = C4AB405E274F85D3005D533D /* ASArrayExtension.swift */; };
		C4AB4074274F85D3005D533D /* ASObjectExtension.swift in Sources */ = {isa = PBXBuildFile; fileRef = C4AB405F274F85D3005D533D /* ASObjectExtension.swift */; };
		C4AB4075274F85D3005D533D /* ASChecking.swift in Sources */ = {isa = PBXBuildFile; fileRef = C4AB4060274F85D3005D533D /* ASChecking.swift */; };
		C4AB4076274F85D3005D533D /* ASAttributedString.swift in Sources */ = {isa = PBXBuildFile; fileRef = C4AB4061274F85D3005D533D /* ASAttributedString.swift */; };
		C4AB4077274F85D3005D533D /* ASAttribute.swift in Sources */ = {isa = PBXBuildFile; fileRef = C4AB4062274F85D3005D533D /* ASAttribute.swift */; };
		C4AB4078274F85D3005D533D /* ASInterpolation.swift in Sources */ = {isa = PBXBuildFile; fileRef = C4AB4063274F85D3005D533D /* ASInterpolation.swift */; };
		C4AB4079274F85D3005D533D /* ASParagraphStyle.swift in Sources */ = {isa = PBXBuildFile; fileRef = C4AB4064274F85D3005D533D /* ASParagraphStyle.swift */; };
		C4AB407A274F85D3005D533D /* ASAttachment.swift in Sources */ = {isa = PBXBuildFile; fileRef = C4AB4065274F85D3005D533D /* ASAttachment.swift */; };
		C4AB407B274F85D3005D533D /* ASAction.swift in Sources */ = {isa = PBXBuildFile; fileRef = C4AB4066274F85D3005D533D /* ASAction.swift */; };
/* End PBXBuildFile section */

/* Begin PBXContainerItemProxy section */
		C4AB402A274F657C005D533D /* PBXContainerItemProxy */ = {
			isa = PBXContainerItemProxy;
			containerPortal = C4AB400B274F657A005D533D /* Project object */;
			proxyType = 1;
			remoteGlobalIDString = C4AB4012274F657A005D533D;
			remoteInfo = CustomSegment;
		};
		C4AB4034274F657C005D533D /* PBXContainerItemProxy */ = {
			isa = PBXContainerItemProxy;
			containerPortal = C4AB400B274F657A005D533D /* Project object */;
			proxyType = 1;
			remoteGlobalIDString = C4AB4012274F657A005D533D;
			remoteInfo = CustomSegment;
		};
/* End PBXContainerItemProxy section */

/* Begin PBXFileReference section */
		C4AB4013274F657A005D533D /* CustomSegment.app */ = {isa = PBXFileReference; explicitFileType = wrapper.application; includeInIndex = 0; path = CustomSegment.app; sourceTree = BUILT_PRODUCTS_DIR; };
		C4AB4016274F657A005D533D /* AppDelegate.swift */ = {isa = PBXFileReference; lastKnownFileType = sourcecode.swift; path = AppDelegate.swift; sourceTree = "<group>"; };
		C4AB4018274F657A005D533D /* SceneDelegate.swift */ = {isa = PBXFileReference; lastKnownFileType = sourcecode.swift; path = SceneDelegate.swift; sourceTree = "<group>"; };
		C4AB401A274F657A005D533D /* ViewController.swift */ = {isa = PBXFileReference; lastKnownFileType = sourcecode.swift; path = ViewController.swift; sourceTree = "<group>"; };
		C4AB401D274F657A005D533D /* Base */ = {isa = PBXFileReference; lastKnownFileType = file.storyboard; name = Base; path = Base.lproj/Main.storyboard; sourceTree = "<group>"; };
		C4AB401F274F657C005D533D /* Assets.xcassets */ = {isa = PBXFileReference; lastKnownFileType = folder.assetcatalog; path = Assets.xcassets; sourceTree = "<group>"; };
		C4AB4022274F657C005D533D /* Base */ = {isa = PBXFileReference; lastKnownFileType = file.storyboard; name = Base; path = Base.lproj/LaunchScreen.storyboard; sourceTree = "<group>"; };
		C4AB4024274F657C005D533D /* Info.plist */ = {isa = PBXFileReference; lastKnownFileType = text.plist.xml; path = Info.plist; sourceTree = "<group>"; };
		C4AB4029274F657C005D533D /* CustomSegmentTests.xctest */ = {isa = PBXFileReference; explicitFileType = wrapper.cfbundle; includeInIndex = 0; path = CustomSegmentTests.xctest; sourceTree = BUILT_PRODUCTS_DIR; };
		C4AB402D274F657C005D533D /* CustomSegmentTests.swift */ = {isa = PBXFileReference; lastKnownFileType = sourcecode.swift; path = CustomSegmentTests.swift; sourceTree = "<group>"; };
		C4AB4033274F657C005D533D /* CustomSegmentUITests.xctest */ = {isa = PBXFileReference; explicitFileType = wrapper.cfbundle; includeInIndex = 0; path = CustomSegmentUITests.xctest; sourceTree = BUILT_PRODUCTS_DIR; };
		C4AB4037274F657C005D533D /* CustomSegmentUITests.swift */ = {isa = PBXFileReference; lastKnownFileType = sourcecode.swift; path = CustomSegmentUITests.swift; sourceTree = "<group>"; };
		C4AB4039274F657C005D533D /* CustomSegmentUITestsLaunchTests.swift */ = {isa = PBXFileReference; lastKnownFileType = sourcecode.swift; path = CustomSegmentUITestsLaunchTests.swift; sourceTree = "<group>"; };
		C4AB4048274F7D0A005D533D /* Extension.swift */ = {isa = PBXFileReference; lastKnownFileType = sourcecode.swift; path = Extension.swift; sourceTree = "<group>"; };
		C4AB404A274F7ED8005D533D /* BBCustomSegmentedControl.swift */ = {isa = PBXFileReference; lastKnownFileType = sourcecode.swift; path = BBCustomSegmentedControl.swift; sourceTree = "<group>"; };
		C4AB404D274F85D3005D533D /* ImageAttachmentLabelImage.swift */ = {isa = PBXFileReference; fileEncoding = 4; lastKnownFileType = sourcecode.swift; path = ImageAttachmentLabelImage.swift; sourceTree = "<group>"; };
		C4AB4050274F85D3005D533D /* ASShadowExtension.swift */ = {isa = PBXFileReference; fileEncoding = 4; lastKnownFileType = sourcecode.swift; path = ASShadowExtension.swift; sourceTree = "<group>"; };
		C4AB4051274F85D3005D533D /* ASExtension.swift */ = {isa = PBXFileReference; fileEncoding = 4; lastKnownFileType = sourcecode.swift; path = ASExtension.swift; sourceTree = "<group>"; };
		C4AB4053274F85D3005D533D /* ASCGSizeExtension.swift */ = {isa = PBXFileReference; fileEncoding = 4; lastKnownFileType = sourcecode.swift; path = ASCGSizeExtension.swift; sourceTree = "<group>"; };
		C4AB4054274F85D3005D533D /* ASCGRectExtension.swift */ = {isa = PBXFileReference; fileEncoding = 4; lastKnownFileType = sourcecode.swift; path = ASCGRectExtension.swift; sourceTree = "<group>"; };
		C4AB4055274F85D3005D533D /* ASCGPointExtension.swift */ = {isa = PBXFileReference; fileEncoding = 4; lastKnownFileType = sourcecode.swift; path = ASCGPointExtension.swift; sourceTree = "<group>"; };
		C4AB4057274F85D3005D533D /* ASUITextFieldExtension.swift */ = {isa = PBXFileReference; fileEncoding = 4; lastKnownFileType = sourcecode.swift; path = ASUITextFieldExtension.swift; sourceTree = "<group>"; };
		C4AB4059274F85D3005D533D /* ASUILabelLayoutManagerDelegate.swift */ = {isa = PBXFileReference; fileEncoding = 4; lastKnownFileType = sourcecode.swift; path = ASUILabelLayoutManagerDelegate.swift; sourceTree = "<group>"; };
		C4AB405A274F85D3005D533D /* ASUILabelExtension.swift */ = {isa = PBXFileReference; fileEncoding = 4; lastKnownFileType = sourcecode.swift; path = ASUILabelExtension.swift; sourceTree = "<group>"; };
		C4AB405B274F85D3005D533D /* ASUIButtonExtension.swift */ = {isa = PBXFileReference; fileEncoding = 4; lastKnownFileType = sourcecode.swift; path = ASUIButtonExtension.swift; sourceTree = "<group>"; };
		C4AB405C274F85D3005D533D /* ASUITextViewExtension.swift */ = {isa = PBXFileReference; fileEncoding = 4; lastKnownFileType = sourcecode.swift; path = ASUITextViewExtension.swift; sourceTree = "<group>"; };
		C4AB405D274F85D3005D533D /* ASActionQueue.swift */ = {isa = PBXFileReference; fileEncoding = 4; lastKnownFileType = sourcecode.swift; path = ASActionQueue.swift; sourceTree = "<group>"; };
		C4AB405E274F85D3005D533D /* ASArrayExtension.swift */ = {isa = PBXFileReference; fileEncoding = 4; lastKnownFileType = sourcecode.swift; path = ASArrayExtension.swift; sourceTree = "<group>"; };
		C4AB405F274F85D3005D533D /* ASObjectExtension.swift */ = {isa = PBXFileReference; fileEncoding = 4; lastKnownFileType = sourcecode.swift; path = ASObjectExtension.swift; sourceTree = "<group>"; };
		C4AB4060274F85D3005D533D /* ASChecking.swift */ = {isa = PBXFileReference; fileEncoding = 4; lastKnownFileType = sourcecode.swift; path = ASChecking.swift; sourceTree = "<group>"; };
		C4AB4061274F85D3005D533D /* ASAttributedString.swift */ = {isa = PBXFileReference; fileEncoding = 4; lastKnownFileType = sourcecode.swift; path = ASAttributedString.swift; sourceTree = "<group>"; };
		C4AB4062274F85D3005D533D /* ASAttribute.swift */ = {isa = PBXFileReference; fileEncoding = 4; lastKnownFileType = sourcecode.swift; path = ASAttribute.swift; sourceTree = "<group>"; };
		C4AB4063274F85D3005D533D /* ASInterpolation.swift */ = {isa = PBXFileReference; fileEncoding = 4; lastKnownFileType = sourcecode.swift; path = ASInterpolation.swift; sourceTree = "<group>"; };
		C4AB4064274F85D3005D533D /* ASParagraphStyle.swift */ = {isa = PBXFileReference; fileEncoding = 4; lastKnownFileType = sourcecode.swift; path = ASParagraphStyle.swift; sourceTree = "<group>"; };
		C4AB4065274F85D3005D533D /* ASAttachment.swift */ = {isa = PBXFileReference; fileEncoding = 4; lastKnownFileType = sourcecode.swift; path = ASAttachment.swift; sourceTree = "<group>"; };
		C4AB4066274F85D3005D533D /* ASAction.swift */ = {isa = PBXFileReference; fileEncoding = 4; lastKnownFileType = sourcecode.swift; path = ASAction.swift; sourceTree = "<group>"; };
/* End PBXFileReference section */

/* Begin PBXFrameworksBuildPhase section */
		C4AB4010274F657A005D533D /* Frameworks */ = {
			isa = PBXFrameworksBuildPhase;
			buildActionMask = 2147483647;
			files = (
			);
			runOnlyForDeploymentPostprocessing = 0;
		};
		C4AB4026274F657C005D533D /* Frameworks */ = {
			isa = PBXFrameworksBuildPhase;
			buildActionMask = 2147483647;
			files = (
			);
			runOnlyForDeploymentPostprocessing = 0;
		};
		C4AB4030274F657C005D533D /* Frameworks */ = {
			isa = PBXFrameworksBuildPhase;
			buildActionMask = 2147483647;
			files = (
			);
			runOnlyForDeploymentPostprocessing = 0;
		};
/* End PBXFrameworksBuildPhase section */

/* Begin PBXGroup section */
		C4AB400A274F657A005D533D = {
			isa = PBXGroup;
			children = (
				C4AB4015274F657A005D533D /* CustomSegment */,
				C4AB402C274F657C005D533D /* CustomSegmentTests */,
				C4AB4036274F657C005D533D /* CustomSegmentUITests */,
				C4AB4014274F657A005D533D /* Products */,
			);
			sourceTree = "<group>";
		};
		C4AB4014274F657A005D533D /* Products */ = {
			isa = PBXGroup;
			children = (
				C4AB4013274F657A005D533D /* CustomSegment.app */,
				C4AB4029274F657C005D533D /* CustomSegmentTests.xctest */,
				C4AB4033274F657C005D533D /* CustomSegmentUITests.xctest */,
			);
			name = Products;
			sourceTree = "<group>";
		};
		C4AB4015274F657A005D533D /* CustomSegment */ = {
			isa = PBXGroup;
			children = (
				C4AB404C274F85D3005D533D /* ASAttributedString */,
				C4AB4016274F657A005D533D /* AppDelegate.swift */,
				C4AB4018274F657A005D533D /* SceneDelegate.swift */,
				C4AB401A274F657A005D533D /* ViewController.swift */,
				C4AB401C274F657A005D533D /* Main.storyboard */,
				C4AB401F274F657C005D533D /* Assets.xcassets */,
				C4AB4021274F657C005D533D /* LaunchScreen.storyboard */,
				C4AB4024274F657C005D533D /* Info.plist */,
				C4AB4048274F7D0A005D533D /* Extension.swift */,
				C4AB404A274F7ED8005D533D /* BBCustomSegmentedControl.swift */,
			);
			path = CustomSegment;
			sourceTree = "<group>";
		};
		C4AB402C274F657C005D533D /* CustomSegmentTests */ = {
			isa = PBXGroup;
			children = (
				C4AB402D274F657C005D533D /* CustomSegmentTests.swift */,
			);
			path = CustomSegmentTests;
			sourceTree = "<group>";
		};
		C4AB4036274F657C005D533D /* CustomSegmentUITests */ = {
			isa = PBXGroup;
			children = (
				C4AB4037274F657C005D533D /* CustomSegmentUITests.swift */,
				C4AB4039274F657C005D533D /* CustomSegmentUITestsLaunchTests.swift */,
			);
			path = CustomSegmentUITests;
			sourceTree = "<group>";
		};
		C4AB404C274F85D3005D533D /* ASAttributedString */ = {
			isa = PBXGroup;
			children = (
				C4AB404D274F85D3005D533D /* ImageAttachmentLabelImage.swift */,
				C4AB404E274F85D3005D533D /* AttributedString */,
			);
			path = ASAttributedString;
			sourceTree = "<group>";
		};
		C4AB404E274F85D3005D533D /* AttributedString */ = {
			isa = PBXGroup;
			children = (
				C4AB404F274F85D3005D533D /* Extension */,
				C4AB4060274F85D3005D533D /* ASChecking.swift */,
				C4AB4061274F85D3005D533D /* ASAttributedString.swift */,
				C4AB4062274F85D3005D533D /* ASAttribute.swift */,
				C4AB4063274F85D3005D533D /* ASInterpolation.swift */,
				C4AB4064274F85D3005D533D /* ASParagraphStyle.swift */,
				C4AB4065274F85D3005D533D /* ASAttachment.swift */,
				C4AB4066274F85D3005D533D /* ASAction.swift */,
			);
			path = AttributedString;
			sourceTree = "<group>";
		};
		C4AB404F274F85D3005D533D /* Extension */ = {
			isa = PBXGroup;
			children = (
				C4AB4050274F85D3005D533D /* ASShadowExtension.swift */,
				C4AB4051274F85D3005D533D /* ASExtension.swift */,
				C4AB4052274F85D3005D533D /* CoreGraphics */,
				C4AB4056274F85D3005D533D /* UIKit */,
				C4AB405E274F85D3005D533D /* ASArrayExtension.swift */,
				C4AB405F274F85D3005D533D /* ASObjectExtension.swift */,
			);
			path = Extension;
			sourceTree = "<group>";
		};
		C4AB4052274F85D3005D533D /* CoreGraphics */ = {
			isa = PBXGroup;
			children = (
				C4AB4053274F85D3005D533D /* ASCGSizeExtension.swift */,
				C4AB4054274F85D3005D533D /* ASCGRectExtension.swift */,
				C4AB4055274F85D3005D533D /* ASCGPointExtension.swift */,
			);
			path = CoreGraphics;
			sourceTree = "<group>";
		};
		C4AB4056274F85D3005D533D /* UIKit */ = {
			isa = PBXGroup;
			children = (
				C4AB4057274F85D3005D533D /* ASUITextFieldExtension.swift */,
				C4AB4058274F85D3005D533D /* UILabel */,
				C4AB405B274F85D3005D533D /* ASUIButtonExtension.swift */,
				C4AB405C274F85D3005D533D /* ASUITextViewExtension.swift */,
				C4AB405D274F85D3005D533D /* ASActionQueue.swift */,
			);
			path = UIKit;
			sourceTree = "<group>";
		};
		C4AB4058274F85D3005D533D /* UILabel */ = {
			isa = PBXGroup;
			children = (
				C4AB4059274F85D3005D533D /* ASUILabelLayoutManagerDelegate.swift */,
				C4AB405A274F85D3005D533D /* ASUILabelExtension.swift */,
			);
			path = UILabel;
			sourceTree = "<group>";
		};
/* End PBXGroup section */

/* Begin PBXNativeTarget section */
		C4AB4012274F657A005D533D /* CustomSegment */ = {
			isa = PBXNativeTarget;
			buildConfigurationList = C4AB403D274F657C005D533D /* Build configuration list for PBXNativeTarget "CustomSegment" */;
			buildPhases = (
				C4AB400F274F657A005D533D /* Sources */,
				C4AB4010274F657A005D533D /* Frameworks */,
				C4AB4011274F657A005D533D /* Resources */,
			);
			buildRules = (
			);
			dependencies = (
			);
			name = CustomSegment;
			productName = CustomSegment;
			productReference = C4AB4013274F657A005D533D /* CustomSegment.app */;
			productType = "com.apple.product-type.application";
		};
		C4AB4028274F657C005D533D /* CustomSegmentTests */ = {
			isa = PBXNativeTarget;
			buildConfigurationList = C4AB4040274F657C005D533D /* Build configuration list for PBXNativeTarget "CustomSegmentTests" */;
			buildPhases = (
				C4AB4025274F657C005D533D /* Sources */,
				C4AB4026274F657C005D533D /* Frameworks */,
				C4AB4027274F657C005D533D /* Resources */,
			);
			buildRules = (
			);
			dependencies = (
				C4AB402B274F657C005D533D /* PBXTargetDependency */,
			);
			name = CustomSegmentTests;
			productName = CustomSegmentTests;
			productReference = C4AB4029274F657C005D533D /* CustomSegmentTests.xctest */;
			productType = "com.apple.product-type.bundle.unit-test";
		};
		C4AB4032274F657C005D533D /* CustomSegmentUITests */ = {
			isa = PBXNativeTarget;
			buildConfigurationList = C4AB4043274F657C005D533D /* Build configuration list for PBXNativeTarget "CustomSegmentUITests" */;
			buildPhases = (
				C4AB402F274F657C005D533D /* Sources */,
				C4AB4030274F657C005D533D /* Frameworks */,
				C4AB4031274F657C005D533D /* Resources */,
			);
			buildRules = (
			);
			dependencies = (
				C4AB4035274F657C005D533D /* PBXTargetDependency */,
			);
			name = CustomSegmentUITests;
			productName = CustomSegmentUITests;
			productReference = C4AB4033274F657C005D533D /* CustomSegmentUITests.xctest */;
			productType = "com.apple.product-type.bundle.ui-testing";
		};
/* End PBXNativeTarget section */

/* Begin PBXProject section */
		C4AB400B274F657A005D533D /* Project object */ = {
			isa = PBXProject;
			attributes = {
				BuildIndependentTargetsInParallel = 1;
				LastSwiftUpdateCheck = 1310;
				LastUpgradeCheck = 1310;
				TargetAttributes = {
					C4AB4012274F657A005D533D = {
						CreatedOnToolsVersion = 13.1;
					};
					C4AB4028274F657C005D533D = {
						CreatedOnToolsVersion = 13.1;
						TestTargetID = C4AB4012274F657A005D533D;
					};
					C4AB4032274F657C005D533D = {
						CreatedOnToolsVersion = 13.1;
						TestTargetID = C4AB4012274F657A005D533D;
					};
				};
			};
			buildConfigurationList = C4AB400E274F657A005D533D /* Build configuration list for PBXProject "CustomSegment" */;
			compatibilityVersion = "Xcode 13.0";
			developmentRegion = en;
			hasScannedForEncodings = 0;
			knownRegions = (
				en,
				Base,
			);
			mainGroup = C4AB400A274F657A005D533D;
			productRefGroup = C4AB4014274F657A005D533D /* Products */;
			projectDirPath = "";
			projectRoot = "";
			targets = (
				C4AB4012274F657A005D533D /* CustomSegment */,
				C4AB4028274F657C005D533D /* CustomSegmentTests */,
				C4AB4032274F657C005D533D /* CustomSegmentUITests */,
			);
		};
/* End PBXProject section */

/* Begin PBXResourcesBuildPhase section */
		C4AB4011274F657A005D533D /* Resources */ = {
			isa = PBXResourcesBuildPhase;
			buildActionMask = 2147483647;
			files = (
				C4AB4023274F657C005D533D /* LaunchScreen.storyboard in Resources */,
				C4AB4020274F657C005D533D /* Assets.xcassets in Resources */,
				C4AB401E274F657A005D533D /* Main.storyboard in Resources */,
			);
			runOnlyForDeploymentPostprocessing = 0;
		};
		C4AB4027274F657C005D533D /* Resources */ = {
			isa = PBXResourcesBuildPhase;
			buildActionMask = 2147483647;
			files = (
			);
			runOnlyForDeploymentPostprocessing = 0;
		};
		C4AB4031274F657C005D533D /* Resources */ = {
			isa = PBXResourcesBuildPhase;
			buildActionMask = 2147483647;
			files = (
			);
			runOnlyForDeploymentPostprocessing = 0;
		};
/* End PBXResourcesBuildPhase section */

/* Begin PBXSourcesBuildPhase section */
		C4AB400F274F657A005D533D /* Sources */ = {
			isa = PBXSourcesBuildPhase;
			buildActionMask = 2147483647;
			files = (
				C4AB401B274F657A005D533D /* ViewController.swift in Sources */,
				C4AB4017274F657A005D533D /* AppDelegate.swift in Sources */,
				C4AB4077274F85D3005D533D /* ASAttribute.swift in Sources */,
				C4AB407B274F85D3005D533D /* ASAction.swift in Sources */,
				C4AB404B274F7ED8005D533D /* BBCustomSegmentedControl.swift in Sources */,
				C4AB4070274F85D3005D533D /* ASUIButtonExtension.swift in Sources */,
				C4AB406D274F85D3005D533D /* ASUITextFieldExtension.swift in Sources */,
				C4AB4073274F85D3005D533D /* ASArrayExtension.swift in Sources */,
				C4AB4071274F85D3005D533D /* ASUITextViewExtension.swift in Sources */,
				C4AB4019274F657A005D533D /* SceneDelegate.swift in Sources */,
				C4AB4076274F85D3005D533D /* ASAttributedString.swift in Sources */,
				C4AB4049274F7D0A005D533D /* Extension.swift in Sources */,
				C4AB406C274F85D3005D533D /* ASCGPointExtension.swift in Sources */,
				C4AB4079274F85D3005D533D /* ASParagraphStyle.swift in Sources */,
				C4AB4069274F85D3005D533D /* ASExtension.swift in Sources */,
				C4AB4075274F85D3005D533D /* ASChecking.swift in Sources */,
				C4AB406E274F85D3005D533D /* ASUILabelLayoutManagerDelegate.swift in Sources */,
				C4AB4068274F85D3005D533D /* ASShadowExtension.swift in Sources */,
				C4AB406B274F85D3005D533D /* ASCGRectExtension.swift in Sources */,
				C4AB406A274F85D3005D533D /* ASCGSizeExtension.swift in Sources */,
				C4AB407A274F85D3005D533D /* ASAttachment.swift in Sources */,
				C4AB406F274F85D3005D533D /* ASUILabelExtension.swift in Sources */,
				C4AB4074274F85D3005D533D /* ASObjectExtension.swift in Sources */,
				C4AB4067274F85D3005D533D /* ImageAttachmentLabelImage.swift in Sources */,
				C4AB4072274F85D3005D533D /* ASActionQueue.swift in Sources */,
				C4AB4078274F85D3005D533D /* ASInterpolation.swift in Sources */,
			);
			runOnlyForDeploymentPostprocessing = 0;
		};
		C4AB4025274F657C005D533D /* Sources */ = {
			isa = PBXSourcesBuildPhase;
			buildActionMask = 2147483647;
			files = (
				C4AB402E274F657C005D533D /* CustomSegmentTests.swift in Sources */,
			);
			runOnlyForDeploymentPostprocessing = 0;
		};
		C4AB402F274F657C005D533D /* Sources */ = {
			isa = PBXSourcesBuildPhase;
			buildActionMask = 2147483647;
			files = (
				C4AB4038274F657C005D533D /* CustomSegmentUITests.swift in Sources */,
				C4AB403A274F657C005D533D /* CustomSegmentUITestsLaunchTests.swift in Sources */,
			);
			runOnlyForDeploymentPostprocessing = 0;
		};
/* End PBXSourcesBuildPhase section */

/* Begin PBXTargetDependency section */
		C4AB402B274F657C005D533D /* PBXTargetDependency */ = {
			isa = PBXTargetDependency;
			target = C4AB4012274F657A005D533D /* CustomSegment */;
			targetProxy = C4AB402A274F657C005D533D /* PBXContainerItemProxy */;
		};
		C4AB4035274F657C005D533D /* PBXTargetDependency */ = {
			isa = PBXTargetDependency;
			target = C4AB4012274F657A005D533D /* CustomSegment */;
			targetProxy = C4AB4034274F657C005D533D /* PBXContainerItemProxy */;
		};
/* End PBXTargetDependency section */

/* Begin PBXVariantGroup section */
		C4AB401C274F657A005D533D /* Main.storyboard */ = {
			isa = PBXVariantGroup;
			children = (
				C4AB401D274F657A005D533D /* Base */,
			);
			name = Main.storyboard;
			sourceTree = "<group>";
		};
		C4AB4021274F657C005D533D /* LaunchScreen.storyboard */ = {
			isa = PBXVariantGroup;
			children = (
				C4AB4022274F657C005D533D /* Base */,
			);
			name = LaunchScreen.storyboard;
			sourceTree = "<group>";
		};
/* End PBXVariantGroup section */

/* Begin XCBuildConfiguration section */
		C4AB403B274F657C005D533D /* Debug */ = {
			isa = XCBuildConfiguration;
			buildSettings = {
				ALWAYS_SEARCH_USER_PATHS = NO;
				CLANG_ANALYZER_NONNULL = YES;
				CLANG_ANALYZER_NUMBER_OBJECT_CONVERSION = YES_AGGRESSIVE;
				CLANG_CXX_LANGUAGE_STANDARD = "gnu++17";
				CLANG_CXX_LIBRARY = "libc++";
				CLANG_ENABLE_MODULES = YES;
				CLANG_ENABLE_OBJC_ARC = YES;
				CLANG_ENABLE_OBJC_WEAK = YES;
				CLANG_WARN_BLOCK_CAPTURE_AUTORELEASING = YES;
				CLANG_WARN_BOOL_CONVERSION = YES;
				CLANG_WARN_COMMA = YES;
				CLANG_WARN_CONSTANT_CONVERSION = YES;
				CLANG_WARN_DEPRECATED_OBJC_IMPLEMENTATIONS = YES;
				CLANG_WARN_DIRECT_OBJC_ISA_USAGE = YES_ERROR;
				CLANG_WARN_DOCUMENTATION_COMMENTS = YES;
				CLANG_WARN_EMPTY_BODY = YES;
				CLANG_WARN_ENUM_CONVERSION = YES;
				CLANG_WARN_INFINITE_RECURSION = YES;
				CLANG_WARN_INT_CONVERSION = YES;
				CLANG_WARN_NON_LITERAL_NULL_CONVERSION = YES;
				CLANG_WARN_OBJC_IMPLICIT_RETAIN_SELF = YES;
				CLANG_WARN_OBJC_LITERAL_CONVERSION = YES;
				CLANG_WARN_OBJC_ROOT_CLASS = YES_ERROR;
				CLANG_WARN_QUOTED_INCLUDE_IN_FRAMEWORK_HEADER = YES;
				CLANG_WARN_RANGE_LOOP_ANALYSIS = YES;
				CLANG_WARN_STRICT_PROTOTYPES = YES;
				CLANG_WARN_SUSPICIOUS_MOVE = YES;
				CLANG_WARN_UNGUARDED_AVAILABILITY = YES_AGGRESSIVE;
				CLANG_WARN_UNREACHABLE_CODE = YES;
				CLANG_WARN__DUPLICATE_METHOD_MATCH = YES;
				COPY_PHASE_STRIP = NO;
				DEBUG_INFORMATION_FORMAT = dwarf;
				ENABLE_STRICT_OBJC_MSGSEND = YES;
				ENABLE_TESTABILITY = YES;
				GCC_C_LANGUAGE_STANDARD = gnu11;
				GCC_DYNAMIC_NO_PIC = NO;
				GCC_NO_COMMON_BLOCKS = YES;
				GCC_OPTIMIZATION_LEVEL = 0;
				GCC_PREPROCESSOR_DEFINITIONS = (
					"DEBUG=1",
					"$(inherited)",
				);
				GCC_WARN_64_TO_32_BIT_CONVERSION = YES;
				GCC_WARN_ABOUT_RETURN_TYPE = YES_ERROR;
				GCC_WARN_UNDECLARED_SELECTOR = YES;
				GCC_WARN_UNINITIALIZED_AUTOS = YES_AGGRESSIVE;
				GCC_WARN_UNUSED_FUNCTION = YES;
				GCC_WARN_UNUSED_VARIABLE = YES;
				IPHONEOS_DEPLOYMENT_TARGET = 15.0;
				MTL_ENABLE_DEBUG_INFO = INCLUDE_SOURCE;
				MTL_FAST_MATH = YES;
				ONLY_ACTIVE_ARCH = YES;
				SDKROOT = iphoneos;
				SWIFT_ACTIVE_COMPILATION_CONDITIONS = DEBUG;
				SWIFT_OPTIMIZATION_LEVEL = "-Onone";
			};
			name = Debug;
		};
		C4AB403C274F657C005D533D /* Release */ = {
			isa = XCBuildConfiguration;
			buildSettings = {
				ALWAYS_SEARCH_USER_PATHS = NO;
				CLANG_ANALYZER_NONNULL = YES;
				CLANG_ANALYZER_NUMBER_OBJECT_CONVERSION = YES_AGGRESSIVE;
				CLANG_CXX_LANGUAGE_STANDARD = "gnu++17";
				CLANG_CXX_LIBRARY = "libc++";
				CLANG_ENABLE_MODULES = YES;
				CLANG_ENABLE_OBJC_ARC = YES;
				CLANG_ENABLE_OBJC_WEAK = YES;
				CLANG_WARN_BLOCK_CAPTURE_AUTORELEASING = YES;
				CLANG_WARN_BOOL_CONVERSION = YES;
				CLANG_WARN_COMMA = YES;
				CLANG_WARN_CONSTANT_CONVERSION = YES;
				CLANG_WARN_DEPRECATED_OBJC_IMPLEMENTATIONS = YES;
				CLANG_WARN_DIRECT_OBJC_ISA_USAGE = YES_ERROR;
				CLANG_WARN_DOCUMENTATION_COMMENTS = YES;
				CLANG_WARN_EMPTY_BODY = YES;
				CLANG_WARN_ENUM_CONVERSION = YES;
				CLANG_WARN_INFINITE_RECURSION = YES;
				CLANG_WARN_INT_CONVERSION = YES;
				CLANG_WARN_NON_LITERAL_NULL_CONVERSION = YES;
				CLANG_WARN_OBJC_IMPLICIT_RETAIN_SELF = YES;
				CLANG_WARN_OBJC_LITERAL_CONVERSION = YES;
				CLANG_WARN_OBJC_ROOT_CLASS = YES_ERROR;
				CLANG_WARN_QUOTED_INCLUDE_IN_FRAMEWORK_HEADER = YES;
				CLANG_WARN_RANGE_LOOP_ANALYSIS = YES;
				CLANG_WARN_STRICT_PROTOTYPES = YES;
				CLANG_WARN_SUSPICIOUS_MOVE = YES;
				CLANG_WARN_UNGUARDED_AVAILABILITY = YES_AGGRESSIVE;
				CLANG_WARN_UNREACHABLE_CODE = YES;
				CLANG_WARN__DUPLICATE_METHOD_MATCH = YES;
				COPY_PHASE_STRIP = NO;
				DEBUG_INFORMATION_FORMAT = "dwarf-with-dsym";
				ENABLE_NS_ASSERTIONS = NO;
				ENABLE_STRICT_OBJC_MSGSEND = YES;
				GCC_C_LANGUAGE_STANDARD = gnu11;
				GCC_NO_COMMON_BLOCKS = YES;
				GCC_WARN_64_TO_32_BIT_CONVERSION = YES;
				GCC_WARN_ABOUT_RETURN_TYPE = YES_ERROR;
				GCC_WARN_UNDECLARED_SELECTOR = YES;
				GCC_WARN_UNINITIALIZED_AUTOS = YES_AGGRESSIVE;
				GCC_WARN_UNUSED_FUNCTION = YES;
				GCC_WARN_UNUSED_VARIABLE = YES;
				IPHONEOS_DEPLOYMENT_TARGET = 15.0;
				MTL_ENABLE_DEBUG_INFO = NO;
				MTL_FAST_MATH = YES;
				SDKROOT = iphoneos;
				SWIFT_COMPILATION_MODE = wholemodule;
				SWIFT_OPTIMIZATION_LEVEL = "-O";
				VALIDATE_PRODUCT = YES;
			};
			name = Release;
		};
		C4AB403E274F657C005D533D /* Debug */ = {
			isa = XCBuildConfiguration;
			buildSettings = {
				ASSETCATALOG_COMPILER_APPICON_NAME = AppIcon;
				ASSETCATALOG_COMPILER_GLOBAL_ACCENT_COLOR_NAME = AccentColor;
				CODE_SIGN_STYLE = Automatic;
				CURRENT_PROJECT_VERSION = 1;
				DEVELOPMENT_TEAM = WSPFY25Q56;
				GENERATE_INFOPLIST_FILE = YES;
				INFOPLIST_FILE = CustomSegment/Info.plist;
				INFOPLIST_KEY_UIApplicationSupportsIndirectInputEvents = YES;
				INFOPLIST_KEY_UILaunchStoryboardName = LaunchScreen;
				INFOPLIST_KEY_UIMainStoryboardFile = Main;
				INFOPLIST_KEY_UISupportedInterfaceOrientations_iPad = "UIInterfaceOrientationPortrait UIInterfaceOrientationPortraitUpsideDown UIInterfaceOrientationLandscapeLeft UIInterfaceOrientationLandscapeRight";
				INFOPLIST_KEY_UISupportedInterfaceOrientations_iPhone = "UIInterfaceOrientationPortrait UIInterfaceOrientationLandscapeLeft UIInterfaceOrientationLandscapeRight";
				LD_RUNPATH_SEARCH_PATHS = (
					"$(inherited)",
					"@executable_path/Frameworks",
				);
				MARKETING_VERSION = 1.0;
				PRODUCT_BUNDLE_IDENTIFIER = com.yoao.CustomSegment;
				PRODUCT_NAME = "$(TARGET_NAME)";
				SWIFT_EMIT_LOC_STRINGS = YES;
				SWIFT_VERSION = 5.0;
				TARGETED_DEVICE_FAMILY = "1,2";
			};
			name = Debug;
		};
		C4AB403F274F657C005D533D /* Release */ = {
			isa = XCBuildConfiguration;
			buildSettings = {
				ASSETCATALOG_COMPILER_APPICON_NAME = AppIcon;
				ASSETCATALOG_COMPILER_GLOBAL_ACCENT_COLOR_NAME = AccentColor;
				CODE_SIGN_STYLE = Automatic;
				CURRENT_PROJECT_VERSION = 1;
				DEVELOPMENT_TEAM = WSPFY25Q56;
				GENERATE_INFOPLIST_FILE = YES;
				INFOPLIST_FILE = CustomSegment/Info.plist;
				INFOPLIST_KEY_UIApplicationSupportsIndirectInputEvents = YES;
				INFOPLIST_KEY_UILaunchStoryboardName = LaunchScreen;
				INFOPLIST_KEY_UIMainStoryboardFile = Main;
				INFOPLIST_KEY_UISupportedInterfaceOrientations_iPad = "UIInterfaceOrientationPortrait UIInterfaceOrientationPortraitUpsideDown UIInterfaceOrientationLandscapeLeft UIInterfaceOrientationLandscapeRight";
				INFOPLIST_KEY_UISupportedInterfaceOrientations_iPhone = "UIInterfaceOrientationPortrait UIInterfaceOrientationLandscapeLeft UIInterfaceOrientationLandscapeRight";
				LD_RUNPATH_SEARCH_PATHS = (
					"$(inherited)",
					"@executable_path/Frameworks",
				);
				MARKETING_VERSION = 1.0;
				PRODUCT_BUNDLE_IDENTIFIER = com.yoao.CustomSegment;
				PRODUCT_NAME = "$(TARGET_NAME)";
				SWIFT_EMIT_LOC_STRINGS = YES;
				SWIFT_VERSION = 5.0;
				TARGETED_DEVICE_FAMILY = "1,2";
			};
			name = Release;
		};
		C4AB4041274F657C005D533D /* Debug */ = {
			isa = XCBuildConfiguration;
			buildSettings = {
				ALWAYS_EMBED_SWIFT_STANDARD_LIBRARIES = YES;
				BUNDLE_LOADER = "$(TEST_HOST)";
				CODE_SIGN_STYLE = Automatic;
				CURRENT_PROJECT_VERSION = 1;
				DEVELOPMENT_TEAM = WSPFY25Q56;
				GENERATE_INFOPLIST_FILE = YES;
				IPHONEOS_DEPLOYMENT_TARGET = 15.0;
				LD_RUNPATH_SEARCH_PATHS = (
					"$(inherited)",
					"@executable_path/Frameworks",
					"@loader_path/Frameworks",
				);
				MARKETING_VERSION = 1.0;
				PRODUCT_BUNDLE_IDENTIFIER = com.yoao.CustomSegmentTests;
				PRODUCT_NAME = "$(TARGET_NAME)";
				SWIFT_EMIT_LOC_STRINGS = NO;
				SWIFT_VERSION = 5.0;
				TARGETED_DEVICE_FAMILY = "1,2";
				TEST_HOST = "$(BUILT_PRODUCTS_DIR)/CustomSegment.app/CustomSegment";
			};
			name = Debug;
		};
		C4AB4042274F657C005D533D /* Release */ = {
			isa = XCBuildConfiguration;
			buildSettings = {
				ALWAYS_EMBED_SWIFT_STANDARD_LIBRARIES = YES;
				BUNDLE_LOADER = "$(TEST_HOST)";
				CODE_SIGN_STYLE = Automatic;
				CURRENT_PROJECT_VERSION = 1;
				DEVELOPMENT_TEAM = WSPFY25Q56;
				GENERATE_INFOPLIST_FILE = YES;
				IPHONEOS_DEPLOYMENT_TARGET = 15.0;
				LD_RUNPATH_SEARCH_PATHS = (
					"$(inherited)",
					"@executable_path/Frameworks",
					"@loader_path/Frameworks",
				);
				MARKETING_VERSION = 1.0;
				PRODUCT_BUNDLE_IDENTIFIER = com.yoao.CustomSegmentTests;
				PRODUCT_NAME = "$(TARGET_NAME)";
				SWIFT_EMIT_LOC_STRINGS = NO;
				SWIFT_VERSION = 5.0;
				TARGETED_DEVICE_FAMILY = "1,2";
				TEST_HOST = "$(BUILT_PRODUCTS_DIR)/CustomSegment.app/CustomSegment";
			};
			name = Release;
		};
		C4AB4044274F657C005D533D /* Debug */ = {
			isa = XCBuildConfiguration;
			buildSettings = {
				ALWAYS_EMBED_SWIFT_STANDARD_LIBRARIES = YES;
				CODE_SIGN_STYLE = Automatic;
				CURRENT_PROJECT_VERSION = 1;
				DEVELOPMENT_TEAM = WSPFY25Q56;
				GENERATE_INFOPLIST_FILE = YES;
				LD_RUNPATH_SEARCH_PATHS = (
					"$(inherited)",
					"@executable_path/Frameworks",
					"@loader_path/Frameworks",
				);
				MARKETING_VERSION = 1.0;
				PRODUCT_BUNDLE_IDENTIFIER = com.yoao.CustomSegmentUITests;
				PRODUCT_NAME = "$(TARGET_NAME)";
				SWIFT_EMIT_LOC_STRINGS = NO;
				SWIFT_VERSION = 5.0;
				TARGETED_DEVICE_FAMILY = "1,2";
				TEST_TARGET_NAME = CustomSegment;
			};
			name = Debug;
		};
		C4AB4045274F657C005D533D /* Release */ = {
			isa = XCBuildConfiguration;
			buildSettings = {
				ALWAYS_EMBED_SWIFT_STANDARD_LIBRARIES = YES;
				CODE_SIGN_STYLE = Automatic;
				CURRENT_PROJECT_VERSION = 1;
				DEVELOPMENT_TEAM = WSPFY25Q56;
				GENERATE_INFOPLIST_FILE = YES;
				LD_RUNPATH_SEARCH_PATHS = (
					"$(inherited)",
					"@executable_path/Frameworks",
					"@loader_path/Frameworks",
				);
				MARKETING_VERSION = 1.0;
				PRODUCT_BUNDLE_IDENTIFIER = com.yoao.CustomSegmentUITests;
				PRODUCT_NAME = "$(TARGET_NAME)";
				SWIFT_EMIT_LOC_STRINGS = NO;
				SWIFT_VERSION = 5.0;
				TARGETED_DEVICE_FAMILY = "1,2";
				TEST_TARGET_NAME = CustomSegment;
			};
			name = Release;
		};
/* End XCBuildConfiguration section */

/* Begin XCConfigurationList section */
		C4AB400E274F657A005D533D /* Build configuration list for PBXProject "CustomSegment" */ = {
			isa = XCConfigurationList;
			buildConfigurations = (
				C4AB403B274F657C005D533D /* Debug */,
				C4AB403C274F657C005D533D /* Release */,
			);
			defaultConfigurationIsVisible = 0;
			defaultConfigurationName = Release;
		};
		C4AB403D274F657C005D533D /* Build configuration list for PBXNativeTarget "CustomSegment" */ = {
			isa = XCConfigurationList;
			buildConfigurations = (
				C4AB403E274F657C005D533D /* Debug */,
				C4AB403F274F657C005D533D /* Release */,
			);
			defaultConfigurationIsVisible = 0;
			defaultConfigurationName = Release;
		};
		C4AB4040274F657C005D533D /* Build configuration list for PBXNativeTarget "CustomSegmentTests" */ = {
			isa = XCConfigurationList;
			buildConfigurations = (
				C4AB4041274F657C005D533D /* Debug */,
				C4AB4042274F657C005D533D /* Release */,
			);
			defaultConfigurationIsVisible = 0;
			defaultConfigurationName = Release;
		};
		C4AB4043274F657C005D533D /* Build configuration list for PBXNativeTarget "CustomSegmentUITests" */ = {
			isa = XCConfigurationList;
			buildConfigurations = (
				C4AB4044274F657C005D533D /* Debug */,
				C4AB4045274F657C005D533D /* Release */,
			);
			defaultConfigurationIsVisible = 0;
			defaultConfigurationName = Release;
		};
/* End XCConfigurationList section */
	};
	rootObject = C4AB400B274F657A005D533D /* Project object */;
}
